// !$*UTF8*$!
{
	archiveVersion = 1;
	classes = {
	};
	objectVersion = 56;
	objects = {

/* Begin PBXBuildFile section */
		4E32F2CD2CD6968300D2B6B5 /* ConnectServiceView.swift in Sources */ = {isa = PBXBuildFile; fileRef = 4E32F2CC2CD6968300D2B6B5 /* ConnectServiceView.swift */; };
		4E32F2E22CD696D000D2B6B5 /* WebView.swift in Sources */ = {isa = PBXBuildFile; fileRef = 4E32F2E12CD696D000D2B6B5 /* WebView.swift */; };
		4ED96C6B2CD67E5B00095A33 /* FeedView.swift in Sources */ = {isa = PBXBuildFile; fileRef = 4ED96C692CD67E5B00095A33 /* FeedView.swift */; };
		4ED96C6C2CD67E5B00095A33 /* SettingsView.swift in Sources */ = {isa = PBXBuildFile; fileRef = 4ED96C6A2CD67E5B00095A33 /* SettingsView.swift */; };
		4ED96C802CD6814E00095A33 /* PostView.swift in Sources */ = {isa = PBXBuildFile; fileRef = 4ED96C7F2CD6814E00095A33 /* PostView.swift */; };
		4ED96C822CD6824700095A33 /* Post.swift in Sources */ = {isa = PBXBuildFile; fileRef = 4ED96C812CD6824400095A33 /* Post.swift */; };
		4F30FD042CD67D890085FD89 /* UnpluggedApp.swift in Sources */ = {isa = PBXBuildFile; fileRef = 4F30FD032CD67D890085FD89 /* UnpluggedApp.swift */; };
		4F30FD062CD67D890085FD89 /* ContentView.swift in Sources */ = {isa = PBXBuildFile; fileRef = 4F30FD052CD67D890085FD89 /* ContentView.swift */; };
		4F30FD082CD67D8A0085FD89 /* Assets.xcassets in Resources */ = {isa = PBXBuildFile; fileRef = 4F30FD072CD67D8A0085FD89 /* Assets.xcassets */; };
		4F30FD0C2CD67D8A0085FD89 /* Preview Assets.xcassets in Resources */ = {isa = PBXBuildFile; fileRef = 4F30FD0B2CD67D8A0085FD89 /* Preview Assets.xcassets */; };
		4F30FD162CD67D8B0085FD89 /* UnpluggedTests.swift in Sources */ = {isa = PBXBuildFile; fileRef = 4F30FD152CD67D8B0085FD89 /* UnpluggedTests.swift */; };
		4F30FD202CD67D8B0085FD89 /* UnpluggedUITests.swift in Sources */ = {isa = PBXBuildFile; fileRef = 4F30FD1F2CD67D8B0085FD89 /* UnpluggedUITests.swift */; };
		4F30FD222CD67D8B0085FD89 /* UnpluggedUITestsLaunchTests.swift in Sources */ = {isa = PBXBuildFile; fileRef = 4F30FD212CD67D8B0085FD89 /* UnpluggedUITestsLaunchTests.swift */; };
		4F353DFD2CD6CD74008B185F /* Alamofire in Frameworks */ = {isa = PBXBuildFile; productRef = 4F353DFC2CD6CD74008B185F /* Alamofire */; };
		4F353E002CD6CD9A008B185F /* InstagramProvider.swift in Sources */ = {isa = PBXBuildFile; fileRef = 4F353DFF2CD6CD9A008B185F /* InstagramProvider.swift */; };
		4F353E062CD6D285008B185F /* FeedService.swift in Sources */ = {isa = PBXBuildFile; fileRef = 4F353E052CD6D285008B185F /* FeedService.swift */; };
		DED189272CD6911000C207CA /* CommentsView.swift in Sources */ = {isa = PBXBuildFile; fileRef = DED189262CD6910C00C207CA /* CommentsView.swift */; };
		DED189292CD695C500C207CA /* CommentItemView.swift in Sources */ = {isa = PBXBuildFile; fileRef = DED189282CD695C200C207CA /* CommentItemView.swift */; };
		DED1892B2CD6983B00C207CA /* Comment.swift in Sources */ = {isa = PBXBuildFile; fileRef = DED1892A2CD6983900C207CA /* Comment.swift */; };
		DED1892D2CD6CBCD00C207CA /* Extensions+Int.swift in Sources */ = {isa = PBXBuildFile; fileRef = DED1892C2CD6CBC700C207CA /* Extensions+Int.swift */; };
/* End PBXBuildFile section */

/* Begin PBXContainerItemProxy section */
		4F30FD122CD67D8B0085FD89 /* PBXContainerItemProxy */ = {
			isa = PBXContainerItemProxy;
			containerPortal = 4F30FCF82CD67D890085FD89 /* Project object */;
			proxyType = 1;
			remoteGlobalIDString = 4F30FCFF2CD67D890085FD89;
			remoteInfo = Unplugged;
		};
		4F30FD1C2CD67D8B0085FD89 /* PBXContainerItemProxy */ = {
			isa = PBXContainerItemProxy;
			containerPortal = 4F30FCF82CD67D890085FD89 /* Project object */;
			proxyType = 1;
			remoteGlobalIDString = 4F30FCFF2CD67D890085FD89;
			remoteInfo = Unplugged;
		};
/* End PBXContainerItemProxy section */

/* Begin PBXFileReference section */
		4E32F2CC2CD6968300D2B6B5 /* ConnectServiceView.swift */ = {isa = PBXFileReference; lastKnownFileType = sourcecode.swift; path = ConnectServiceView.swift; sourceTree = "<group>"; };
		4E32F2E12CD696D000D2B6B5 /* WebView.swift */ = {isa = PBXFileReference; lastKnownFileType = sourcecode.swift; path = WebView.swift; sourceTree = "<group>"; };
		4ED96C692CD67E5B00095A33 /* FeedView.swift */ = {isa = PBXFileReference; lastKnownFileType = sourcecode.swift; path = FeedView.swift; sourceTree = "<group>"; };
		4ED96C6A2CD67E5B00095A33 /* SettingsView.swift */ = {isa = PBXFileReference; lastKnownFileType = sourcecode.swift; path = SettingsView.swift; sourceTree = "<group>"; };
		4ED96C7F2CD6814E00095A33 /* PostView.swift */ = {isa = PBXFileReference; lastKnownFileType = sourcecode.swift; path = PostView.swift; sourceTree = "<group>"; };
		4ED96C812CD6824400095A33 /* Post.swift */ = {isa = PBXFileReference; lastKnownFileType = sourcecode.swift; path = Post.swift; sourceTree = "<group>"; };
		4F30FD002CD67D890085FD89 /* Unplugged.app */ = {isa = PBXFileReference; explicitFileType = wrapper.application; includeInIndex = 0; path = Unplugged.app; sourceTree = BUILT_PRODUCTS_DIR; };
		4F30FD032CD67D890085FD89 /* UnpluggedApp.swift */ = {isa = PBXFileReference; lastKnownFileType = sourcecode.swift; path = UnpluggedApp.swift; sourceTree = "<group>"; };
		4F30FD052CD67D890085FD89 /* ContentView.swift */ = {isa = PBXFileReference; lastKnownFileType = sourcecode.swift; path = ContentView.swift; sourceTree = "<group>"; };
		4F30FD072CD67D8A0085FD89 /* Assets.xcassets */ = {isa = PBXFileReference; lastKnownFileType = folder.assetcatalog; name = Assets.xcassets; path = Unplugged/Assets.xcassets; sourceTree = SOURCE_ROOT; };
		4F30FD092CD67D8A0085FD89 /* Unplugged.entitlements */ = {isa = PBXFileReference; lastKnownFileType = text.plist.entitlements; path = Unplugged.entitlements; sourceTree = "<group>"; };
		4F30FD0B2CD67D8A0085FD89 /* Preview Assets.xcassets */ = {isa = PBXFileReference; lastKnownFileType = folder.assetcatalog; path = "Preview Assets.xcassets"; sourceTree = "<group>"; };
		4F30FD112CD67D8B0085FD89 /* UnpluggedTests.xctest */ = {isa = PBXFileReference; explicitFileType = wrapper.cfbundle; includeInIndex = 0; path = UnpluggedTests.xctest; sourceTree = BUILT_PRODUCTS_DIR; };
		4F30FD152CD67D8B0085FD89 /* UnpluggedTests.swift */ = {isa = PBXFileReference; lastKnownFileType = sourcecode.swift; path = UnpluggedTests.swift; sourceTree = "<group>"; };
		4F30FD1B2CD67D8B0085FD89 /* UnpluggedUITests.xctest */ = {isa = PBXFileReference; explicitFileType = wrapper.cfbundle; includeInIndex = 0; path = UnpluggedUITests.xctest; sourceTree = BUILT_PRODUCTS_DIR; };
		4F30FD1F2CD67D8B0085FD89 /* UnpluggedUITests.swift */ = {isa = PBXFileReference; lastKnownFileType = sourcecode.swift; path = UnpluggedUITests.swift; sourceTree = "<group>"; };
		4F30FD212CD67D8B0085FD89 /* UnpluggedUITestsLaunchTests.swift */ = {isa = PBXFileReference; lastKnownFileType = sourcecode.swift; path = UnpluggedUITestsLaunchTests.swift; sourceTree = "<group>"; };
		4F353DFF2CD6CD9A008B185F /* InstagramProvider.swift */ = {isa = PBXFileReference; lastKnownFileType = sourcecode.swift; path = InstagramProvider.swift; sourceTree = "<group>"; };
		4F353E052CD6D285008B185F /* FeedService.swift */ = {isa = PBXFileReference; lastKnownFileType = sourcecode.swift; path = FeedService.swift; sourceTree = "<group>"; };
		DED189262CD6910C00C207CA /* CommentsView.swift */ = {isa = PBXFileReference; lastKnownFileType = sourcecode.swift; path = CommentsView.swift; sourceTree = "<group>"; };
		DED189282CD695C200C207CA /* CommentItemView.swift */ = {isa = PBXFileReference; lastKnownFileType = sourcecode.swift; path = CommentItemView.swift; sourceTree = "<group>"; };
		DED1892A2CD6983900C207CA /* Comment.swift */ = {isa = PBXFileReference; lastKnownFileType = sourcecode.swift; path = Comment.swift; sourceTree = "<group>"; };
		DED1892C2CD6CBC700C207CA /* Extensions+Int.swift */ = {isa = PBXFileReference; lastKnownFileType = sourcecode.swift; path = "Extensions+Int.swift"; sourceTree = "<group>"; };
/* End PBXFileReference section */

/* Begin PBXFrameworksBuildPhase section */
		4F30FCFD2CD67D890085FD89 /* Frameworks */ = {
			isa = PBXFrameworksBuildPhase;
			buildActionMask = 2147483647;
			files = (
				4F353DFD2CD6CD74008B185F /* Alamofire in Frameworks */,
			);
			runOnlyForDeploymentPostprocessing = 0;
		};
		4F30FD0E2CD67D8B0085FD89 /* Frameworks */ = {
			isa = PBXFrameworksBuildPhase;
			buildActionMask = 2147483647;
			files = (
			);
			runOnlyForDeploymentPostprocessing = 0;
		};
		4F30FD182CD67D8B0085FD89 /* Frameworks */ = {
			isa = PBXFrameworksBuildPhase;
			buildActionMask = 2147483647;
			files = (
			);
			runOnlyForDeploymentPostprocessing = 0;
		};
/* End PBXFrameworksBuildPhase section */

/* Begin PBXGroup section */
		4E32F2CE2CD6968A00D2B6B5 /* Views */ = {
			isa = PBXGroup;
			children = (
				4E32F2E12CD696D000D2B6B5 /* WebView.swift */,
			);
			path = Views;
			sourceTree = "<group>";
		};
		4ED96C7D2CD67F6A00095A33 /* Feed */ = {
			isa = PBXGroup;
			children = (
				4F353E032CD6CE48008B185F /* Services */,
				DED1892A2CD6983900C207CA /* Comment.swift */,
				DED189262CD6910C00C207CA /* CommentsView.swift */,
				DED189282CD695C200C207CA /* CommentItemView.swift */,
				4ED96C812CD6824400095A33 /* Post.swift */,
				4ED96C692CD67E5B00095A33 /* FeedView.swift */,
				4ED96C7F2CD6814E00095A33 /* PostView.swift */,
			);
			path = Feed;
			sourceTree = "<group>";
		};
		4ED96C7E2CD67F7700095A33 /* Settings */ = {
			isa = PBXGroup;
			children = (
				4ED96C6A2CD67E5B00095A33 /* SettingsView.swift */,
				4E32F2CC2CD6968300D2B6B5 /* ConnectServiceView.swift */,
			);
			path = Settings;
			sourceTree = "<group>";
		};
		4F30FCF72CD67D890085FD89 = {
			isa = PBXGroup;
			children = (
				4F30FD022CD67D890085FD89 /* Unplugged */,
				4F30FD142CD67D8B0085FD89 /* UnpluggedTests */,
				4F30FD1E2CD67D8B0085FD89 /* UnpluggedUITests */,
				4F30FD012CD67D890085FD89 /* Products */,
			);
			sourceTree = "<group>";
		};
		4F30FD012CD67D890085FD89 /* Products */ = {
			isa = PBXGroup;
			children = (
				4F30FD002CD67D890085FD89 /* Unplugged.app */,
				4F30FD112CD67D8B0085FD89 /* UnpluggedTests.xctest */,
				4F30FD1B2CD67D8B0085FD89 /* UnpluggedUITests.xctest */,
			);
			name = Products;
			sourceTree = "<group>";
		};
		4F30FD022CD67D890085FD89 /* Unplugged */ = {
			isa = PBXGroup;
			children = (
				DED1892C2CD6CBC700C207CA /* Extensions+Int.swift */,
				4E32F2CE2CD6968A00D2B6B5 /* Views */,
				4F30FD032CD67D890085FD89 /* UnpluggedApp.swift */,
				4F30FD052CD67D890085FD89 /* ContentView.swift */,
				4ED96C7D2CD67F6A00095A33 /* Feed */,
				4ED96C7E2CD67F7700095A33 /* Settings */,
				4F30FD072CD67D8A0085FD89 /* Assets.xcassets */,
				4F30FD092CD67D8A0085FD89 /* Unplugged.entitlements */,
				4F30FD0A2CD67D8A0085FD89 /* Preview Content */,
			);
			path = Unplugged;
			sourceTree = "<group>";
		};
		4F30FD0A2CD67D8A0085FD89 /* Preview Content */ = {
			isa = PBXGroup;
			children = (
				4F30FD0B2CD67D8A0085FD89 /* Preview Assets.xcassets */,
			);
			path = "Preview Content";
			sourceTree = "<group>";
		};
		4F30FD142CD67D8B0085FD89 /* UnpluggedTests */ = {
			isa = PBXGroup;
			children = (
				4F30FD152CD67D8B0085FD89 /* UnpluggedTests.swift */,
			);
			path = UnpluggedTests;
			sourceTree = "<group>";
		};
		4F30FD1E2CD67D8B0085FD89 /* UnpluggedUITests */ = {
			isa = PBXGroup;
			children = (
				4F30FD1F2CD67D8B0085FD89 /* UnpluggedUITests.swift */,
				4F30FD212CD67D8B0085FD89 /* UnpluggedUITestsLaunchTests.swift */,
			);
			path = UnpluggedUITests;
			sourceTree = "<group>";
		};
		4F353DFE2CD6CD88008B185F /* Providers */ = {
			isa = PBXGroup;
			children = (
				4F353DFF2CD6CD9A008B185F /* InstagramProvider.swift */,
			);
			path = Providers;
			sourceTree = "<group>";
		};
		4F353E032CD6CE48008B185F /* Services */ = {
			isa = PBXGroup;
			children = (
				4F353DFE2CD6CD88008B185F /* Providers */,
				4F353E052CD6D285008B185F /* FeedService.swift */,
			);
			path = Services;
			sourceTree = "<group>";
		};
/* End PBXGroup section */

/* Begin PBXNativeTarget section */
		4F30FCFF2CD67D890085FD89 /* Unplugged */ = {
			isa = PBXNativeTarget;
			buildConfigurationList = 4F30FD252CD67D8B0085FD89 /* Build configuration list for PBXNativeTarget "Unplugged" */;
			buildPhases = (
				4F30FCFC2CD67D890085FD89 /* Sources */,
				4F30FCFD2CD67D890085FD89 /* Frameworks */,
				4F30FCFE2CD67D890085FD89 /* Resources */,
			);
			buildRules = (
			);
			dependencies = (
			);
			name = Unplugged;
			packageProductDependencies = (
				4F353DFC2CD6CD74008B185F /* Alamofire */,
			);
			productName = Unplugged;
			productReference = 4F30FD002CD67D890085FD89 /* Unplugged.app */;
			productType = "com.apple.product-type.application";
		};
		4F30FD102CD67D8B0085FD89 /* UnpluggedTests */ = {
			isa = PBXNativeTarget;
			buildConfigurationList = 4F30FD282CD67D8B0085FD89 /* Build configuration list for PBXNativeTarget "UnpluggedTests" */;
			buildPhases = (
				4F30FD0D2CD67D8B0085FD89 /* Sources */,
				4F30FD0E2CD67D8B0085FD89 /* Frameworks */,
				4F30FD0F2CD67D8B0085FD89 /* Resources */,
			);
			buildRules = (
			);
			dependencies = (
				4F30FD132CD67D8B0085FD89 /* PBXTargetDependency */,
			);
			name = UnpluggedTests;
			productName = UnpluggedTests;
			productReference = 4F30FD112CD67D8B0085FD89 /* UnpluggedTests.xctest */;
			productType = "com.apple.product-type.bundle.unit-test";
		};
		4F30FD1A2CD67D8B0085FD89 /* UnpluggedUITests */ = {
			isa = PBXNativeTarget;
			buildConfigurationList = 4F30FD2B2CD67D8B0085FD89 /* Build configuration list for PBXNativeTarget "UnpluggedUITests" */;
			buildPhases = (
				4F30FD172CD67D8B0085FD89 /* Sources */,
				4F30FD182CD67D8B0085FD89 /* Frameworks */,
				4F30FD192CD67D8B0085FD89 /* Resources */,
			);
			buildRules = (
			);
			dependencies = (
				4F30FD1D2CD67D8B0085FD89 /* PBXTargetDependency */,
			);
			name = UnpluggedUITests;
			productName = UnpluggedUITests;
			productReference = 4F30FD1B2CD67D8B0085FD89 /* UnpluggedUITests.xctest */;
			productType = "com.apple.product-type.bundle.ui-testing";
		};
/* End PBXNativeTarget section */

/* Begin PBXProject section */
		4F30FCF82CD67D890085FD89 /* Project object */ = {
			isa = PBXProject;
			attributes = {
				BuildIndependentTargetsInParallel = 1;
				LastSwiftUpdateCheck = 1540;
				LastUpgradeCheck = 1540;
				TargetAttributes = {
					4F30FCFF2CD67D890085FD89 = {
						CreatedOnToolsVersion = 15.4;
					};
					4F30FD102CD67D8B0085FD89 = {
						CreatedOnToolsVersion = 15.4;
						TestTargetID = 4F30FCFF2CD67D890085FD89;
					};
					4F30FD1A2CD67D8B0085FD89 = {
						CreatedOnToolsVersion = 15.4;
						TestTargetID = 4F30FCFF2CD67D890085FD89;
					};
				};
			};
			buildConfigurationList = 4F30FCFB2CD67D890085FD89 /* Build configuration list for PBXProject "Unplugged" */;
			compatibilityVersion = "Xcode 14.0";
			developmentRegion = en;
			hasScannedForEncodings = 0;
			knownRegions = (
				en,
				Base,
			);
			mainGroup = 4F30FCF72CD67D890085FD89;
			packageReferences = (
				4F353DFB2CD6CD74008B185F /* XCRemoteSwiftPackageReference "Alamofire" */,
			);
			productRefGroup = 4F30FD012CD67D890085FD89 /* Products */;
			projectDirPath = "";
			projectRoot = "";
			targets = (
				4F30FCFF2CD67D890085FD89 /* Unplugged */,
				4F30FD102CD67D8B0085FD89 /* UnpluggedTests */,
				4F30FD1A2CD67D8B0085FD89 /* UnpluggedUITests */,
			);
		};
/* End PBXProject section */

/* Begin PBXResourcesBuildPhase section */
		4F30FCFE2CD67D890085FD89 /* Resources */ = {
			isa = PBXResourcesBuildPhase;
			buildActionMask = 2147483647;
			files = (
				4F30FD0C2CD67D8A0085FD89 /* Preview Assets.xcassets in Resources */,
				4F30FD082CD67D8A0085FD89 /* Assets.xcassets in Resources */,
			);
			runOnlyForDeploymentPostprocessing = 0;
		};
		4F30FD0F2CD67D8B0085FD89 /* Resources */ = {
			isa = PBXResourcesBuildPhase;
			buildActionMask = 2147483647;
			files = (
			);
			runOnlyForDeploymentPostprocessing = 0;
		};
		4F30FD192CD67D8B0085FD89 /* Resources */ = {
			isa = PBXResourcesBuildPhase;
			buildActionMask = 2147483647;
			files = (
			);
			runOnlyForDeploymentPostprocessing = 0;
		};
/* End PBXResourcesBuildPhase section */

/* Begin PBXSourcesBuildPhase section */
		4F30FCFC2CD67D890085FD89 /* Sources */ = {
			isa = PBXSourcesBuildPhase;
			buildActionMask = 2147483647;
			files = (
				4F30FD062CD67D890085FD89 /* ContentView.swift in Sources */,
				4E32F2E22CD696D000D2B6B5 /* WebView.swift in Sources */,
				4ED96C822CD6824700095A33 /* Post.swift in Sources */,
				4F353E002CD6CD9A008B185F /* InstagramProvider.swift in Sources */,
				4F353E062CD6D285008B185F /* FeedService.swift in Sources */,
				4E32F2CD2CD6968300D2B6B5 /* ConnectServiceView.swift in Sources */,
				4F30FD042CD67D890085FD89 /* UnpluggedApp.swift in Sources */,
				4ED96C6B2CD67E5B00095A33 /* FeedView.swift in Sources */,
				4ED96C802CD6814E00095A33 /* PostView.swift in Sources */,
				DED189292CD695C500C207CA /* CommentItemView.swift in Sources */,
				DED1892D2CD6CBCD00C207CA /* Extensions+Int.swift in Sources */,
				4ED96C6C2CD67E5B00095A33 /* SettingsView.swift in Sources */,
				DED1892B2CD6983B00C207CA /* Comment.swift in Sources */,
				DED189272CD6911000C207CA /* CommentsView.swift in Sources */,
			);
			runOnlyForDeploymentPostprocessing = 0;
		};
		4F30FD0D2CD67D8B0085FD89 /* Sources */ = {
			isa = PBXSourcesBuildPhase;
			buildActionMask = 2147483647;
			files = (
				4F30FD162CD67D8B0085FD89 /* UnpluggedTests.swift in Sources */,
			);
			runOnlyForDeploymentPostprocessing = 0;
		};
		4F30FD172CD67D8B0085FD89 /* Sources */ = {
			isa = PBXSourcesBuildPhase;
			buildActionMask = 2147483647;
			files = (
				4F30FD222CD67D8B0085FD89 /* UnpluggedUITestsLaunchTests.swift in Sources */,
				4F30FD202CD67D8B0085FD89 /* UnpluggedUITests.swift in Sources */,
			);
			runOnlyForDeploymentPostprocessing = 0;
		};
/* End PBXSourcesBuildPhase section */

/* Begin PBXTargetDependency section */
		4F30FD132CD67D8B0085FD89 /* PBXTargetDependency */ = {
			isa = PBXTargetDependency;
			target = 4F30FCFF2CD67D890085FD89 /* Unplugged */;
			targetProxy = 4F30FD122CD67D8B0085FD89 /* PBXContainerItemProxy */;
		};
		4F30FD1D2CD67D8B0085FD89 /* PBXTargetDependency */ = {
			isa = PBXTargetDependency;
			target = 4F30FCFF2CD67D890085FD89 /* Unplugged */;
			targetProxy = 4F30FD1C2CD67D8B0085FD89 /* PBXContainerItemProxy */;
		};
/* End PBXTargetDependency section */

/* Begin XCBuildConfiguration section */
		4F30FD232CD67D8B0085FD89 /* Debug */ = {
			isa = XCBuildConfiguration;
			buildSettings = {
				ALWAYS_SEARCH_USER_PATHS = NO;
				ASSETCATALOG_COMPILER_GENERATE_SWIFT_ASSET_SYMBOL_EXTENSIONS = YES;
				CLANG_ANALYZER_NONNULL = YES;
				CLANG_ANALYZER_NUMBER_OBJECT_CONVERSION = YES_AGGRESSIVE;
				CLANG_CXX_LANGUAGE_STANDARD = "gnu++20";
				CLANG_ENABLE_MODULES = YES;
				CLANG_ENABLE_OBJC_ARC = YES;
				CLANG_ENABLE_OBJC_WEAK = YES;
				CLANG_WARN_BLOCK_CAPTURE_AUTORELEASING = YES;
				CLANG_WARN_BOOL_CONVERSION = YES;
				CLANG_WARN_COMMA = YES;
				CLANG_WARN_CONSTANT_CONVERSION = YES;
				CLANG_WARN_DEPRECATED_OBJC_IMPLEMENTATIONS = YES;
				CLANG_WARN_DIRECT_OBJC_ISA_USAGE = YES_ERROR;
				CLANG_WARN_DOCUMENTATION_COMMENTS = YES;
				CLANG_WARN_EMPTY_BODY = YES;
				CLANG_WARN_ENUM_CONVERSION = YES;
				CLANG_WARN_INFINITE_RECURSION = YES;
				CLANG_WARN_INT_CONVERSION = YES;
				CLANG_WARN_NON_LITERAL_NULL_CONVERSION = YES;
				CLANG_WARN_OBJC_IMPLICIT_RETAIN_SELF = YES;
				CLANG_WARN_OBJC_LITERAL_CONVERSION = YES;
				CLANG_WARN_OBJC_ROOT_CLASS = YES_ERROR;
				CLANG_WARN_QUOTED_INCLUDE_IN_FRAMEWORK_HEADER = YES;
				CLANG_WARN_RANGE_LOOP_ANALYSIS = YES;
				CLANG_WARN_STRICT_PROTOTYPES = YES;
				CLANG_WARN_SUSPICIOUS_MOVE = YES;
				CLANG_WARN_UNGUARDED_AVAILABILITY = YES_AGGRESSIVE;
				CLANG_WARN_UNREACHABLE_CODE = YES;
				CLANG_WARN__DUPLICATE_METHOD_MATCH = YES;
				COPY_PHASE_STRIP = NO;
				DEBUG_INFORMATION_FORMAT = dwarf;
				ENABLE_STRICT_OBJC_MSGSEND = YES;
				ENABLE_TESTABILITY = YES;
				ENABLE_USER_SCRIPT_SANDBOXING = YES;
				GCC_C_LANGUAGE_STANDARD = gnu17;
				GCC_DYNAMIC_NO_PIC = NO;
				GCC_NO_COMMON_BLOCKS = YES;
				GCC_OPTIMIZATION_LEVEL = 0;
				GCC_PREPROCESSOR_DEFINITIONS = (
					"DEBUG=1",
					"$(inherited)",
				);
				GCC_WARN_64_TO_32_BIT_CONVERSION = YES;
				GCC_WARN_ABOUT_RETURN_TYPE = YES_ERROR;
				GCC_WARN_UNDECLARED_SELECTOR = YES;
				GCC_WARN_UNINITIALIZED_AUTOS = YES_AGGRESSIVE;
				GCC_WARN_UNUSED_FUNCTION = YES;
				GCC_WARN_UNUSED_VARIABLE = YES;
				LOCALIZATION_PREFERS_STRING_CATALOGS = YES;
				MTL_ENABLE_DEBUG_INFO = INCLUDE_SOURCE;
				MTL_FAST_MATH = YES;
				ONLY_ACTIVE_ARCH = YES;
				SWIFT_ACTIVE_COMPILATION_CONDITIONS = "DEBUG $(inherited)";
				SWIFT_OPTIMIZATION_LEVEL = "-Onone";
			};
			name = Debug;
		};
		4F30FD242CD67D8B0085FD89 /* Release */ = {
			isa = XCBuildConfiguration;
			buildSettings = {
				ALWAYS_SEARCH_USER_PATHS = NO;
				ASSETCATALOG_COMPILER_GENERATE_SWIFT_ASSET_SYMBOL_EXTENSIONS = YES;
				CLANG_ANALYZER_NONNULL = YES;
				CLANG_ANALYZER_NUMBER_OBJECT_CONVERSION = YES_AGGRESSIVE;
				CLANG_CXX_LANGUAGE_STANDARD = "gnu++20";
				CLANG_ENABLE_MODULES = YES;
				CLANG_ENABLE_OBJC_ARC = YES;
				CLANG_ENABLE_OBJC_WEAK = YES;
				CLANG_WARN_BLOCK_CAPTURE_AUTORELEASING = YES;
				CLANG_WARN_BOOL_CONVERSION = YES;
				CLANG_WARN_COMMA = YES;
				CLANG_WARN_CONSTANT_CONVERSION = YES;
				CLANG_WARN_DEPRECATED_OBJC_IMPLEMENTATIONS = YES;
				CLANG_WARN_DIRECT_OBJC_ISA_USAGE = YES_ERROR;
				CLANG_WARN_DOCUMENTATION_COMMENTS = YES;
				CLANG_WARN_EMPTY_BODY = YES;
				CLANG_WARN_ENUM_CONVERSION = YES;
				CLANG_WARN_INFINITE_RECURSION = YES;
				CLANG_WARN_INT_CONVERSION = YES;
				CLANG_WARN_NON_LITERAL_NULL_CONVERSION = YES;
				CLANG_WARN_OBJC_IMPLICIT_RETAIN_SELF = YES;
				CLANG_WARN_OBJC_LITERAL_CONVERSION = YES;
				CLANG_WARN_OBJC_ROOT_CLASS = YES_ERROR;
				CLANG_WARN_QUOTED_INCLUDE_IN_FRAMEWORK_HEADER = YES;
				CLANG_WARN_RANGE_LOOP_ANALYSIS = YES;
				CLANG_WARN_STRICT_PROTOTYPES = YES;
				CLANG_WARN_SUSPICIOUS_MOVE = YES;
				CLANG_WARN_UNGUARDED_AVAILABILITY = YES_AGGRESSIVE;
				CLANG_WARN_UNREACHABLE_CODE = YES;
				CLANG_WARN__DUPLICATE_METHOD_MATCH = YES;
				COPY_PHASE_STRIP = NO;
				DEBUG_INFORMATION_FORMAT = "dwarf-with-dsym";
				ENABLE_NS_ASSERTIONS = NO;
				ENABLE_STRICT_OBJC_MSGSEND = YES;
				ENABLE_USER_SCRIPT_SANDBOXING = YES;
				GCC_C_LANGUAGE_STANDARD = gnu17;
				GCC_NO_COMMON_BLOCKS = YES;
				GCC_WARN_64_TO_32_BIT_CONVERSION = YES;
				GCC_WARN_ABOUT_RETURN_TYPE = YES_ERROR;
				GCC_WARN_UNDECLARED_SELECTOR = YES;
				GCC_WARN_UNINITIALIZED_AUTOS = YES_AGGRESSIVE;
				GCC_WARN_UNUSED_FUNCTION = YES;
				GCC_WARN_UNUSED_VARIABLE = YES;
				LOCALIZATION_PREFERS_STRING_CATALOGS = YES;
				MTL_ENABLE_DEBUG_INFO = NO;
				MTL_FAST_MATH = YES;
				SWIFT_COMPILATION_MODE = wholemodule;
			};
			name = Release;
		};
		4F30FD262CD67D8B0085FD89 /* Debug */ = {
			isa = XCBuildConfiguration;
			buildSettings = {
				ASSETCATALOG_COMPILER_APPICON_NAME = AppIcon;
				ASSETCATALOG_COMPILER_GLOBAL_ACCENT_COLOR_NAME = AccentColor;
				CODE_SIGN_ENTITLEMENTS = Unplugged/Unplugged.entitlements;
				CODE_SIGN_STYLE = Automatic;
				CURRENT_PROJECT_VERSION = 1;
				DEVELOPMENT_ASSET_PATHS = "\"Unplugged/Preview Content\"";
				DEVELOPMENT_TEAM = 2H58R69UA7;
				ENABLE_HARDENED_RUNTIME = YES;
				ENABLE_PREVIEWS = YES;
				GENERATE_INFOPLIST_FILE = YES;
				"INFOPLIST_KEY_UIApplicationSceneManifest_Generation[sdk=iphoneos*]" = YES;
				"INFOPLIST_KEY_UIApplicationSceneManifest_Generation[sdk=iphonesimulator*]" = YES;
				"INFOPLIST_KEY_UIApplicationSupportsIndirectInputEvents[sdk=iphoneos*]" = YES;
				"INFOPLIST_KEY_UIApplicationSupportsIndirectInputEvents[sdk=iphonesimulator*]" = YES;
				"INFOPLIST_KEY_UILaunchScreen_Generation[sdk=iphoneos*]" = YES;
				"INFOPLIST_KEY_UILaunchScreen_Generation[sdk=iphonesimulator*]" = YES;
				"INFOPLIST_KEY_UIStatusBarStyle[sdk=iphoneos*]" = UIStatusBarStyleDefault;
				"INFOPLIST_KEY_UIStatusBarStyle[sdk=iphonesimulator*]" = UIStatusBarStyleDefault;
				INFOPLIST_KEY_UISupportedInterfaceOrientations_iPad = "UIInterfaceOrientationPortrait UIInterfaceOrientationPortraitUpsideDown UIInterfaceOrientationLandscapeLeft UIInterfaceOrientationLandscapeRight";
				INFOPLIST_KEY_UISupportedInterfaceOrientations_iPhone = "UIInterfaceOrientationPortrait UIInterfaceOrientationLandscapeLeft UIInterfaceOrientationLandscapeRight";
				IPHONEOS_DEPLOYMENT_TARGET = 17.5;
				LD_RUNPATH_SEARCH_PATHS = "@executable_path/Frameworks";
				"LD_RUNPATH_SEARCH_PATHS[sdk=macosx*]" = "@executable_path/../Frameworks";
				MACOSX_DEPLOYMENT_TARGET = 14.4;
				MARKETING_VERSION = 1.0;
				PRODUCT_BUNDLE_IDENTIFIER = com.noah.Unplugged;
				PRODUCT_NAME = "$(TARGET_NAME)";
				SDKROOT = auto;
				SUPPORTED_PLATFORMS = "iphoneos iphonesimulator macosx";
				SWIFT_EMIT_LOC_STRINGS = YES;
				SWIFT_VERSION = 5.0;
				TARGETED_DEVICE_FAMILY = "1,2";
			};
			name = Debug;
		};
		4F30FD272CD67D8B0085FD89 /* Release */ = {
			isa = XCBuildConfiguration;
			buildSettings = {
				ASSETCATALOG_COMPILER_APPICON_NAME = AppIcon;
				ASSETCATALOG_COMPILER_GLOBAL_ACCENT_COLOR_NAME = AccentColor;
				CODE_SIGN_ENTITLEMENTS = Unplugged/Unplugged.entitlements;
				CODE_SIGN_STYLE = Automatic;
				CURRENT_PROJECT_VERSION = 1;
				DEVELOPMENT_ASSET_PATHS = "\"Unplugged/Preview Content\"";
				DEVELOPMENT_TEAM = 2H58R69UA7;
				ENABLE_HARDENED_RUNTIME = YES;
				ENABLE_PREVIEWS = YES;
				GENERATE_INFOPLIST_FILE = YES;
				"INFOPLIST_KEY_UIApplicationSceneManifest_Generation[sdk=iphoneos*]" = YES;
				"INFOPLIST_KEY_UIApplicationSceneManifest_Generation[sdk=iphonesimulator*]" = YES;
				"INFOPLIST_KEY_UIApplicationSupportsIndirectInputEvents[sdk=iphoneos*]" = YES;
				"INFOPLIST_KEY_UIApplicationSupportsIndirectInputEvents[sdk=iphonesimulator*]" = YES;
				"INFOPLIST_KEY_UILaunchScreen_Generation[sdk=iphoneos*]" = YES;
				"INFOPLIST_KEY_UILaunchScreen_Generation[sdk=iphonesimulator*]" = YES;
				"INFOPLIST_KEY_UIStatusBarStyle[sdk=iphoneos*]" = UIStatusBarStyleDefault;
				"INFOPLIST_KEY_UIStatusBarStyle[sdk=iphonesimulator*]" = UIStatusBarStyleDefault;
				INFOPLIST_KEY_UISupportedInterfaceOrientations_iPad = "UIInterfaceOrientationPortrait UIInterfaceOrientationPortraitUpsideDown UIInterfaceOrientationLandscapeLeft UIInterfaceOrientationLandscapeRight";
				INFOPLIST_KEY_UISupportedInterfaceOrientations_iPhone = "UIInterfaceOrientationPortrait UIInterfaceOrientationLandscapeLeft UIInterfaceOrientationLandscapeRight";
				IPHONEOS_DEPLOYMENT_TARGET = 17.5;
				LD_RUNPATH_SEARCH_PATHS = "@executable_path/Frameworks";
				"LD_RUNPATH_SEARCH_PATHS[sdk=macosx*]" = "@executable_path/../Frameworks";
				MACOSX_DEPLOYMENT_TARGET = 14.4;
				MARKETING_VERSION = 1.0;
				PRODUCT_BUNDLE_IDENTIFIER = com.noah.Unplugged;
				PRODUCT_NAME = "$(TARGET_NAME)";
				SDKROOT = auto;
				SUPPORTED_PLATFORMS = "iphoneos iphonesimulator macosx";
				SWIFT_EMIT_LOC_STRINGS = YES;
				SWIFT_VERSION = 5.0;
				TARGETED_DEVICE_FAMILY = "1,2";
			};
			name = Release;
		};
		4F30FD292CD67D8B0085FD89 /* Debug */ = {
			isa = XCBuildConfiguration;
			buildSettings = {
				ALWAYS_EMBED_SWIFT_STANDARD_LIBRARIES = YES;
				BUNDLE_LOADER = "$(TEST_HOST)";
				CODE_SIGN_STYLE = Automatic;
				CURRENT_PROJECT_VERSION = 1;
				DEVELOPMENT_TEAM = 2H58R69UA7;
				GENERATE_INFOPLIST_FILE = YES;
				IPHONEOS_DEPLOYMENT_TARGET = 17.5;
				MACOSX_DEPLOYMENT_TARGET = 14.4;
				MARKETING_VERSION = 1.0;
				PRODUCT_BUNDLE_IDENTIFIER = com.noah.UnpluggedTests;
				PRODUCT_NAME = "$(TARGET_NAME)";
				SDKROOT = auto;
				SUPPORTED_PLATFORMS = "iphoneos iphonesimulator macosx";
				SWIFT_EMIT_LOC_STRINGS = NO;
				SWIFT_VERSION = 5.0;
				TARGETED_DEVICE_FAMILY = "1,2";
				TEST_HOST = "$(BUILT_PRODUCTS_DIR)/Unplugged.app/$(BUNDLE_EXECUTABLE_FOLDER_PATH)/Unplugged";
			};
			name = Debug;
		};
		4F30FD2A2CD67D8B0085FD89 /* Release */ = {
			isa = XCBuildConfiguration;
			buildSettings = {
				ALWAYS_EMBED_SWIFT_STANDARD_LIBRARIES = YES;
				BUNDLE_LOADER = "$(TEST_HOST)";
				CODE_SIGN_STYLE = Automatic;
				CURRENT_PROJECT_VERSION = 1;
				DEVELOPMENT_TEAM = 2H58R69UA7;
				GENERATE_INFOPLIST_FILE = YES;
				IPHONEOS_DEPLOYMENT_TARGET = 17.5;
				MACOSX_DEPLOYMENT_TARGET = 14.4;
				MARKETING_VERSION = 1.0;
				PRODUCT_BUNDLE_IDENTIFIER = com.noah.UnpluggedTests;
				PRODUCT_NAME = "$(TARGET_NAME)";
				SDKROOT = auto;
				SUPPORTED_PLATFORMS = "iphoneos iphonesimulator macosx";
				SWIFT_EMIT_LOC_STRINGS = NO;
				SWIFT_VERSION = 5.0;
				TARGETED_DEVICE_FAMILY = "1,2";
				TEST_HOST = "$(BUILT_PRODUCTS_DIR)/Unplugged.app/$(BUNDLE_EXECUTABLE_FOLDER_PATH)/Unplugged";
			};
			name = Release;
		};
		4F30FD2C2CD67D8B0085FD89 /* Debug */ = {
			isa = XCBuildConfiguration;
			buildSettings = {
				ALWAYS_EMBED_SWIFT_STANDARD_LIBRARIES = YES;
				CODE_SIGN_STYLE = Automatic;
				CURRENT_PROJECT_VERSION = 1;
				DEVELOPMENT_TEAM = 2H58R69UA7;
				GENERATE_INFOPLIST_FILE = YES;
				IPHONEOS_DEPLOYMENT_TARGET = 17.5;
				MACOSX_DEPLOYMENT_TARGET = 14.4;
				MARKETING_VERSION = 1.0;
				PRODUCT_BUNDLE_IDENTIFIER = com.noah.UnpluggedUITests;
				PRODUCT_NAME = "$(TARGET_NAME)";
				SDKROOT = auto;
				SUPPORTED_PLATFORMS = "iphoneos iphonesimulator macosx";
				SWIFT_EMIT_LOC_STRINGS = NO;
				SWIFT_VERSION = 5.0;
				TARGETED_DEVICE_FAMILY = "1,2";
				TEST_TARGET_NAME = Unplugged;
			};
			name = Debug;
		};
		4F30FD2D2CD67D8B0085FD89 /* Release */ = {
			isa = XCBuildConfiguration;
			buildSettings = {
				ALWAYS_EMBED_SWIFT_STANDARD_LIBRARIES = YES;
				CODE_SIGN_STYLE = Automatic;
				CURRENT_PROJECT_VERSION = 1;
				DEVELOPMENT_TEAM = 2H58R69UA7;
				GENERATE_INFOPLIST_FILE = YES;
				IPHONEOS_DEPLOYMENT_TARGET = 17.5;
				MACOSX_DEPLOYMENT_TARGET = 14.4;
				MARKETING_VERSION = 1.0;
				PRODUCT_BUNDLE_IDENTIFIER = com.noah.UnpluggedUITests;
				PRODUCT_NAME = "$(TARGET_NAME)";
				SDKROOT = auto;
				SUPPORTED_PLATFORMS = "iphoneos iphonesimulator macosx";
				SWIFT_EMIT_LOC_STRINGS = NO;
				SWIFT_VERSION = 5.0;
				TARGETED_DEVICE_FAMILY = "1,2";
				TEST_TARGET_NAME = Unplugged;
			};
			name = Release;
		};
/* End XCBuildConfiguration section */

/* Begin XCConfigurationList section */
		4F30FCFB2CD67D890085FD89 /* Build configuration list for PBXProject "Unplugged" */ = {
			isa = XCConfigurationList;
			buildConfigurations = (
				4F30FD232CD67D8B0085FD89 /* Debug */,
				4F30FD242CD67D8B0085FD89 /* Release */,
			);
			defaultConfigurationIsVisible = 0;
			defaultConfigurationName = Release;
		};
		4F30FD252CD67D8B0085FD89 /* Build configuration list for PBXNativeTarget "Unplugged" */ = {
			isa = XCConfigurationList;
			buildConfigurations = (
				4F30FD262CD67D8B0085FD89 /* Debug */,
				4F30FD272CD67D8B0085FD89 /* Release */,
			);
			defaultConfigurationIsVisible = 0;
			defaultConfigurationName = Release;
		};
		4F30FD282CD67D8B0085FD89 /* Build configuration list for PBXNativeTarget "UnpluggedTests" */ = {
			isa = XCConfigurationList;
			buildConfigurations = (
				4F30FD292CD67D8B0085FD89 /* Debug */,
				4F30FD2A2CD67D8B0085FD89 /* Release */,
			);
			defaultConfigurationIsVisible = 0;
			defaultConfigurationName = Release;
		};
		4F30FD2B2CD67D8B0085FD89 /* Build configuration list for PBXNativeTarget "UnpluggedUITests" */ = {
			isa = XCConfigurationList;
			buildConfigurations = (
				4F30FD2C2CD67D8B0085FD89 /* Debug */,
				4F30FD2D2CD67D8B0085FD89 /* Release */,
			);
			defaultConfigurationIsVisible = 0;
			defaultConfigurationName = Release;
		};
/* End XCConfigurationList section */

/* Begin XCRemoteSwiftPackageReference section */
		4F353DFB2CD6CD74008B185F /* XCRemoteSwiftPackageReference "Alamofire" */ = {
			isa = XCRemoteSwiftPackageReference;
			repositoryURL = "https://github.com/Alamofire/Alamofire.git";
			requirement = {
				kind = upToNextMajorVersion;
				minimumVersion = 5.10.1;
			};
		};
/* End XCRemoteSwiftPackageReference section */

/* Begin XCSwiftPackageProductDependency section */
		4F353DFC2CD6CD74008B185F /* Alamofire */ = {
			isa = XCSwiftPackageProductDependency;
			package = 4F353DFB2CD6CD74008B185F /* XCRemoteSwiftPackageReference "Alamofire" */;
			productName = Alamofire;
		};
/* End XCSwiftPackageProductDependency section */
	};
	rootObject = 4F30FCF82CD67D890085FD89 /* Project object */;
}
